
Microsoft Visual Studio Solution File, Format Version 12.00
Project("{FAE04EC0-301F-11D3-BF4B-00C04F79EFBC}") = "FeatureToggles", "FeatureToggles\FeatureToggles.csproj", "{63892A54-6DF4-4D96-B559-5AD9E4F2998F}"
EndProject
Global
	GlobalSection(SolutionConfigurationPlatforms) = preSolution
		Debug|Any CPU = Debug|Any CPU
		Release|Any CPU = Release|Any CPU
	EndGlobalSection
	GlobalSection(ProjectConfigurationPlatforms) = postSolution
		{63892A54-6DF4-4D96-B559-5AD9E4F2998F}.Debug|Any CPU.ActiveCfg = Debug|Any CPU
		{63892A54-6DF4-4D96-B559-5AD9E4F2998F}.Debug|Any CPU.Build.0 = Debug|Any CPU
		{63892A54-6DF4-4D96-B559-5AD9E4F2998F}.Release|Any CPU.ActiveCfg = Release|Any CPU
		{63892A54-6DF4-4D96-B559-5AD9E4F2998F}.Release|Any CPU.Build.0 = Release|Any CPU
	EndGlobalSection
EndGlobal
